# THIS IS AN AUTOGENERATED FILE. DO NOT EDIT THIS FILE DIRECTLY.
# yarn lockfile v1


"@acemir/cssom@^0.9.28":
  version "0.9.31"
  resolved "https://registry.npmjs.org/@acemir/cssom/-/cssom-0.9.31.tgz"
  integrity sha512-ZnR3GSaH+/vJ0YlHau21FjfLYjMpYVIzTD8M8vIEQvIGxeOXyXdzCI140rrCY862p/C/BbzWsjc1dgnM9mkoTA==

"@adobe/css-tools@^4.4.0":
  version "4.4.4"
  resolved "https://registry.npmjs.org/@adobe/css-tools/-/css-tools-4.4.4.tgz"
  integrity sha512-Elp+iwUx5rN5+Y8xLt5/GRoG20WGoDCQ/1Fb+1LiGtvwbDavuSk0jhD/eZdckHAuzcDzccnkv+rEjyWfRx18gg==

"@asamuzakjp/css-color@^4.1.1":
  version "4.1.1"
  resolved "https://registry.npmjs.org/@asamuzakjp/css-color/-/css-color-4.1.1.tgz"
  integrity sha512-B0Hv6G3gWGMn0xKJ0txEi/jM5iFpT3MfDxmhZFb4W047GvytCf1DHQ1D69W3zHI4yWe2aTZAA0JnbMZ7Xc8DuQ==
  dependencies:
    "@csstools/css-calc" "^2.1.4"
    "@csstools/css-color-parser" "^3.1.0"
    "@csstools/css-parser-algorithms" "^3.0.5"
    "@csstools/css-tokenizer" "^3.0.4"
    lru-cache "^11.2.4"

"@asamuzakjp/dom-selector@^6.7.6":
  version "6.7.6"
  resolved "https://registry.npmjs.org/@asamuzakjp/dom-selector/-/dom-selector-6.7.6.tgz"
  integrity sha512-hBaJER6A9MpdG3WgdlOolHmbOYvSk46y7IQN/1+iqiCuUu6iWdQrs9DGKF8ocqsEqWujWf/V7b7vaDgiUmIvUg==
  dependencies:
    "@asamuzakjp/nwsapi" "^2.3.9"
    bidi-js "^1.0.3"
    css-tree "^3.1.0"
    is-potential-custom-element-name "^1.0.1"
    lru-cache "^11.2.4"

"@asamuzakjp/nwsapi@^2.3.9":
  version "2.3.9"
  resolved "https://registry.npmjs.org/@asamuzakjp/nwsapi/-/nwsapi-2.3.9.tgz"
  integrity sha512-n8GuYSrI9bF7FFZ/SjhwevlHc8xaVlb/7HmHelnc/PZXBD2ZR49NnN9sMMuDdEGPeeRQ5d0hqlSlEpgCX3Wl0Q==

"@babel/code-frame@^7.10.4", "@babel/code-frame@^7.28.6":
  version "7.28.6"
  resolved "https://registry.npmjs.org/@babel/code-frame/-/code-frame-7.28.6.tgz"
  integrity sha512-JYgintcMjRiCvS8mMECzaEn+m3PfoQiyqukOMCCVQtoJGYJw8j/8LBJEiqkHLkfwCcs74E3pbAUFNg7d9VNJ+Q==
  dependencies:
    "@babel/helper-validator-identifier" "^7.28.5"
    js-tokens "^4.0.0"
    picocolors "^1.1.1"

"@babel/compat-data@^7.28.6":
  version "7.28.6"
  resolved "https://registry.npmjs.org/@babel/compat-data/-/compat-data-7.28.6.tgz"
  integrity sha512-2lfu57JtzctfIrcGMz992hyLlByuzgIk58+hhGCxjKZ3rWI82NnVLjXcaTqkI2NvlcvOskZaiZ5kjUALo3Lpxg==

"@babel/core@^7.24.4", "@babel/core@^7.28.5":
  version "7.28.6"
  resolved "https://registry.npmjs.org/@babel/core/-/core-7.28.6.tgz"
  integrity sha512-H3mcG6ZDLTlYfaSNi0iOKkigqMFvkTKlGUYlD8GW7nNOYRrevuA46iTypPyv+06V3fEmvvazfntkBU34L0azAw==
  dependencies:
    "@babel/code-frame" "^7.28.6"
    "@babel/generator" "^7.28.6"
    "@babel/helper-compilation-targets" "^7.28.6"
    "@babel/helper-module-transforms" "^7.28.6"
    "@babel/helpers" "^7.28.6"
    "@babel/parser" "^7.28.6"
    "@babel/template" "^7.28.6"
    "@babel/traverse" "^7.28.6"
    "@babel/types" "^7.28.6"
    "@jridgewell/remapping" "^2.3.5"
    convert-source-map "^2.0.0"
    debug "^4.1.0"
    gensync "^1.0.0-beta.2"
    json5 "^2.2.3"
    semver "^6.3.1"

"@babel/generator@^7.28.6":
  version "7.28.6"
  resolved "https://registry.npmjs.org/@babel/generator/-/generator-7.28.6.tgz"
  integrity sha512-lOoVRwADj8hjf7al89tvQ2a1lf53Z+7tiXMgpZJL3maQPDxh0DgLMN62B2MKUOFcoodBHLMbDM6WAbKgNy5Suw==
  dependencies:
    "@babel/parser" "^7.28.6"
    "@babel/types" "^7.28.6"
    "@jridgewell/gen-mapping" "^0.3.12"
    "@jridgewell/trace-mapping" "^0.3.28"
    jsesc "^3.0.2"

"@babel/helper-compilation-targets@^7.28.6":
  version "7.28.6"
  resolved "https://registry.npmjs.org/@babel/helper-compilation-targets/-/helper-compilation-targets-7.28.6.tgz"
  integrity sha512-JYtls3hqi15fcx5GaSNL7SCTJ2MNmjrkHXg4FSpOA/grxK8KwyZ5bubHsCq8FXCkua6xhuaaBit+3b7+VZRfcA==
  dependencies:
    "@babel/compat-data" "^7.28.6"
    "@babel/helper-validator-option" "^7.27.1"
    browserslist "^4.24.0"
    lru-cache "^5.1.1"
    semver "^6.3.1"

"@babel/helper-globals@^7.28.0":
  version "7.28.0"
  resolved "https://registry.npmjs.org/@babel/helper-globals/-/helper-globals-7.28.0.tgz"
  integrity sha512-+W6cISkXFa1jXsDEdYA8HeevQT/FULhxzR99pxphltZcVaugps53THCeiWA8SguxxpSp3gKPiuYfSWopkLQ4hw==

"@babel/helper-module-imports@^7.28.6":
  version "7.28.6"
  resolved "https://registry.npmjs.org/@babel/helper-module-imports/-/helper-module-imports-7.28.6.tgz"
  integrity sha512-l5XkZK7r7wa9LucGw9LwZyyCUscb4x37JWTPz7swwFE/0FMQAGpiWUZn8u9DzkSBWEcK25jmvubfpw2dnAMdbw==
  dependencies:
    "@babel/traverse" "^7.28.6"
    "@babel/types" "^7.28.6"

"@babel/helper-module-transforms@^7.28.6":
  version "7.28.6"
  resolved "https://registry.npmjs.org/@babel/helper-module-transforms/-/helper-module-transforms-7.28.6.tgz"
  integrity sha512-67oXFAYr2cDLDVGLXTEABjdBJZ6drElUSI7WKp70NrpyISso3plG9SAGEF6y7zbha/wOzUByWWTJvEDVNIUGcA==
  dependencies:
    "@babel/helper-module-imports" "^7.28.6"
    "@babel/helper-validator-identifier" "^7.28.5"
    "@babel/traverse" "^7.28.6"

"@babel/helper-plugin-utils@^7.27.1":
  version "7.28.6"
  resolved "https://registry.npmjs.org/@babel/helper-plugin-utils/-/helper-plugin-utils-7.28.6.tgz"
  integrity sha512-S9gzZ/bz83GRysI7gAD4wPT/AI3uCnY+9xn+Mx/KPs2JwHJIz1W8PZkg2cqyt3RNOBM8ejcXhV6y8Og7ly/Dug==

"@babel/helper-string-parser@^7.27.1":
  version "7.27.1"
  resolved "https://registry.npmjs.org/@babel/helper-string-parser/-/helper-string-parser-7.27.1.tgz"
  integrity sha512-qMlSxKbpRlAridDExk92nSobyDdpPijUq2DW6oDnUqd0iOGxmQjyqhMIihI9+zv4LPyZdRje2cavWPbCbWm3eA==

"@babel/helper-validator-identifier@^7.28.5":
  version "7.28.5"
  resolved "https://registry.npmjs.org/@babel/helper-validator-identifier/-/helper-validator-identifier-7.28.5.tgz"
  integrity sha512-qSs4ifwzKJSV39ucNjsvc6WVHs6b7S03sOh2OcHF9UHfVPqWWALUsNUVzhSBiItjRZoLHx7nIarVjqKVusUZ1Q==

"@babel/helper-validator-option@^7.27.1":
  version "7.27.1"
  resolved "https://registry.npmjs.org/@babel/helper-validator-option/-/helper-validator-option-7.27.1.tgz"
  integrity sha512-YvjJow9FxbhFFKDSuFnVCe2WxXk1zWc22fFePVNEaWJEu8IrZVlda6N0uHwzZrUM1il7NC9Mlp4MaJYbYd9JSg==

"@babel/helpers@^7.28.6":
  version "7.28.6"
  resolved "https://registry.npmjs.org/@babel/helpers/-/helpers-7.28.6.tgz"
  integrity sha512-xOBvwq86HHdB7WUDTfKfT/Vuxh7gElQ+Sfti2Cy6yIWNW05P8iUslOVcZ4/sKbE+/jQaukQAdz/gf3724kYdqw==
  dependencies:
    "@babel/template" "^7.28.6"
    "@babel/types" "^7.28.6"

"@babel/parser@^7.1.0", "@babel/parser@^7.20.7", "@babel/parser@^7.24.4", "@babel/parser@^7.28.6":
  version "7.28.6"
  resolved "https://registry.npmjs.org/@babel/parser/-/parser-7.28.6.tgz"
  integrity sha512-TeR9zWR18BvbfPmGbLampPMW+uW1NZnJlRuuHso8i87QZNq2JRF9i6RgxRqtEq+wQGsS19NNTWr2duhnE49mfQ==
  dependencies:
    "@babel/types" "^7.28.6"

"@babel/plugin-transform-react-jsx-self@^7.27.1":
  version "7.27.1"
  resolved "https://registry.npmjs.org/@babel/plugin-transform-react-jsx-self/-/plugin-transform-react-jsx-self-7.27.1.tgz"
  integrity sha512-6UzkCs+ejGdZ5mFFC/OCUrv028ab2fp1znZmCZjAOBKiBK2jXD1O+BPSfX8X2qjJ75fZBMSnQn3Rq2mrBJK2mw==
  dependencies:
    "@babel/helper-plugin-utils" "^7.27.1"

"@babel/plugin-transform-react-jsx-source@^7.27.1":
  version "7.27.1"
  resolved "https://registry.npmjs.org/@babel/plugin-transform-react-jsx-source/-/plugin-transform-react-jsx-source-7.27.1.tgz"
  integrity sha512-zbwoTsBruTeKB9hSq73ha66iFeJHuaFkUbwvqElnygoNbj/jHRsSeokowZFN3CZ64IvEqcmmkVe89OPXc7ldAw==
  dependencies:
    "@babel/helper-plugin-utils" "^7.27.1"

"@babel/runtime@^7.12.5":
  version "7.28.6"
  resolved "https://registry.npmjs.org/@babel/runtime/-/runtime-7.28.6.tgz"
  integrity sha512-05WQkdpL9COIMz4LjTxGpPNCdlpyimKppYNoJ5Di5EUObifl8t4tuLuUBBZEpoLYOmfvIWrsp9fCl0HoPRVTdA==

"@babel/template@^7.28.6":
  version "7.28.6"
  resolved "https://registry.npmjs.org/@babel/template/-/template-7.28.6.tgz"
  integrity sha512-YA6Ma2KsCdGb+WC6UpBVFJGXL58MDA6oyONbjyF/+5sBgxY/dwkhLogbMT2GXXyU84/IhRw/2D1Os1B/giz+BQ==
  dependencies:
    "@babel/code-frame" "^7.28.6"
    "@babel/parser" "^7.28.6"
    "@babel/types" "^7.28.6"

"@babel/traverse@^7.28.6":
  version "7.28.6"
  resolved "https://registry.npmjs.org/@babel/traverse/-/traverse-7.28.6.tgz"
  integrity sha512-fgWX62k02qtjqdSNTAGxmKYY/7FSL9WAS1o2Hu5+I5m9T0yxZzr4cnrfXQ/MX0rIifthCSs6FKTlzYbJcPtMNg==
  dependencies:
    "@babel/code-frame" "^7.28.6"
    "@babel/generator" "^7.28.6"
    "@babel/helper-globals" "^7.28.0"
    "@babel/parser" "^7.28.6"
    "@babel/template" "^7.28.6"
    "@babel/types" "^7.28.6"
    debug "^4.3.1"

"@babel/types@^7.0.0", "@babel/types@^7.20.7", "@babel/types@^7.28.2", "@babel/types@^7.28.6":
  version "7.28.6"
  resolved "https://registry.npmjs.org/@babel/types/-/types-7.28.6.tgz"
  integrity sha512-0ZrskXVEHSWIqZM/sQZ4EV3jZJXRkio/WCxaqKZP1g//CEWEPSfeZFcms4XeKBCHU0ZKnIkdJeU/kF+eRp5lBg==
  dependencies:
    "@babel/helper-string-parser" "^7.27.1"
    "@babel/helper-validator-identifier" "^7.28.5"

"@csstools/color-helpers@^5.1.0":
  version "5.1.0"
  resolved "https://registry.npmjs.org/@csstools/color-helpers/-/color-helpers-5.1.0.tgz"
  integrity sha512-S11EXWJyy0Mz5SYvRmY8nJYTFFd1LCNV+7cXyAgQtOOuzb4EsgfqDufL+9esx72/eLhsRdGZwaldu/h+E4t4BA==

"@csstools/css-calc@^2.1.4":
  version "2.1.4"
  resolved "https://registry.npmjs.org/@csstools/css-calc/-/css-calc-2.1.4.tgz"
  integrity sha512-3N8oaj+0juUw/1H3YwmDDJXCgTB1gKU6Hc/bB502u9zR0q2vd786XJH9QfrKIEgFlZmhZiq6epXl4rHqhzsIgQ==

"@csstools/css-color-parser@^3.1.0":
  version "3.1.0"
  resolved "https://registry.npmjs.org/@csstools/css-color-parser/-/css-color-parser-3.1.0.tgz"
  integrity sha512-nbtKwh3a6xNVIp/VRuXV64yTKnb1IjTAEEh3irzS+HkKjAOYLTGNb9pmVNntZ8iVBHcWDA2Dof0QtPgFI1BaTA==
  dependencies:
    "@csstools/color-helpers" "^5.1.0"
    "@csstools/css-calc" "^2.1.4"

"@csstools/css-parser-algorithms@^3.0.5":
  version "3.0.5"
  resolved "https://registry.npmjs.org/@csstools/css-parser-algorithms/-/css-parser-algorithms-3.0.5.tgz"
  integrity sha512-DaDeUkXZKjdGhgYaHNJTV9pV7Y9B3b644jCLs9Upc3VeNGg6LWARAT6O+Q+/COo+2gg/bM5rhpMAtf70WqfBdQ==

"@csstools/css-syntax-patches-for-csstree@^1.0.21":
  version "1.0.25"
  resolved "https://registry.npmjs.org/@csstools/css-syntax-patches-for-csstree/-/css-syntax-patches-for-csstree-1.0.25.tgz"
  integrity sha512-g0Kw9W3vjx5BEBAF8c5Fm2NcB/Fs8jJXh85aXqwEXiL+tqtOut07TWgyaGzAAfTM+gKckrrncyeGEZPcaRgm2Q==

"@csstools/css-tokenizer@^3.0.4":
  version "3.0.4"
  resolved "https://registry.npmjs.org/@csstools/css-tokenizer/-/css-tokenizer-3.0.4.tgz"
  integrity sha512-Vd/9EVDiu6PPJt9yAh6roZP6El1xHrdvIVGjyBsHR0RYwNHgL7FJPyIIW4fANJNG6FtyZfvlRPpFI4ZM/lubvw==

"@emnapi/core@^1.7.1":
  version "1.9.0"
  resolved "https://registry.yarnpkg.com/@emnapi/core/-/core-1.9.0.tgz#4a54213b208fcf288cce25076c74e0f7613e6100"
  integrity sha512-0DQ98G9ZQZOxfUcQn1waV2yS8aWdZ6kJMbYCJB3oUBecjWYO1fqJ+a1DRfPF3O5JEkwqwP1A9QEN/9mYm2Yd0w==
  dependencies:
    "@emnapi/wasi-threads" "1.2.0"
    tslib "^2.4.0"

"@emnapi/runtime@^1.7.1":
  version "1.9.0"
  resolved "https://registry.yarnpkg.com/@emnapi/runtime/-/runtime-1.9.0.tgz#91c54a6e77c36154c125e873409472e2b70efd5b"
  integrity sha512-QN75eB0IH2ywSpRpNddCRfQIhmJYBCJ1x5Lb3IscKAL8bMnVAKnRg8dCoXbHzVLLH7P38N2Z3mtulB7W0J0FKw==
  dependencies:
    tslib "^2.4.0"

"@emnapi/wasi-threads@1.2.0", "@emnapi/wasi-threads@^1.1.0":
  version "1.2.0"
  resolved "https://registry.yarnpkg.com/@emnapi/wasi-threads/-/wasi-threads-1.2.0.tgz#a19d9772cc3d195370bf6e2a805eec40aa75e18e"
  integrity sha512-N10dEJNSsUx41Z6pZsXU8FjPjpBEplgH24sfkmITrBED1/U2Esum9F3lfLrMjKHHjmi557zQn7kR9R+XWXu5Rg==
  dependencies:
    tslib "^2.4.0"

"@esbuild/aix-ppc64@0.27.2":
  version "0.27.2"
  resolved "https://registry.yarnpkg.com/@esbuild/aix-ppc64/-/aix-ppc64-0.27.2.tgz#521cbd968dcf362094034947f76fa1b18d2d403c"
  integrity sha512-GZMB+a0mOMZs4MpDbj8RJp4cw+w1WV5NYD6xzgvzUJ5Ek2jerwfO2eADyI6ExDSUED+1X8aMbegahsJi+8mgpw==

"@esbuild/android-arm64@0.27.2":
  version "0.27.2"
  resolved "https://registry.yarnpkg.com/@esbuild/android-arm64/-/android-arm64-0.27.2.tgz#61ea550962d8aa12a9b33194394e007657a6df57"
  integrity sha512-pvz8ZZ7ot/RBphf8fv60ljmaoydPU12VuXHImtAs0XhLLw+EXBi2BLe3OYSBslR4rryHvweW5gmkKFwTiFy6KA==

"@esbuild/android-arm@0.27.2":
  version "0.27.2"
  resolved "https://registry.yarnpkg.com/@esbuild/android-arm/-/android-arm-0.27.2.tgz#554887821e009dd6d853f972fde6c5143f1de142"
  integrity sha512-DVNI8jlPa7Ujbr1yjU2PfUSRtAUZPG9I1RwW4F4xFB1Imiu2on0ADiI/c3td+KmDtVKNbi+nffGDQMfcIMkwIA==

"@esbuild/android-x64@0.27.2":
  version "0.27.2"
  resolved "https://registry.yarnpkg.com/@esbuild/android-x64/-/android-x64-0.27.2.tgz#a7ce9d0721825fc578f9292a76d9e53334480ba2"
  integrity sha512-z8Ank4Byh4TJJOh4wpz8g2vDy75zFL0TlZlkUkEwYXuPSgX8yzep596n6mT7905kA9uHZsf/o2OJZubl2l3M7A==

"@esbuild/darwin-arm64@0.27.2":
  version "0.27.2"
  resolved "https://registry.npmjs.org/@esbuild/darwin-arm64/-/darwin-arm64-0.27.2.tgz"
  integrity sha512-davCD2Zc80nzDVRwXTcQP/28fiJbcOwvdolL0sOiOsbwBa72kegmVU0Wrh1MYrbuCL98Omp5dVhQFWRKR2ZAlg==

"@esbuild/darwin-x64@0.27.2":
  version "0.27.2"
  resolved "https://registry.yarnpkg.com/@esbuild/darwin-x64/-/darwin-x64-0.27.2.tgz#e741fa6b1abb0cd0364126ba34ca17fd5e7bf509"
  integrity sha512-ZxtijOmlQCBWGwbVmwOF/UCzuGIbUkqB1faQRf5akQmxRJ1ujusWsb3CVfk/9iZKr2L5SMU5wPBi1UWbvL+VQA==

"@esbuild/freebsd-arm64@0.27.2":
  version "0.27.2"
  resolved "https://registry.yarnpkg.com/@esbuild/freebsd-arm64/-/freebsd-arm64-0.27.2.tgz#2b64e7116865ca172d4ce034114c21f3c93e397c"
  integrity sha512-lS/9CN+rgqQ9czogxlMcBMGd+l8Q3Nj1MFQwBZJyoEKI50XGxwuzznYdwcav6lpOGv5BqaZXqvBSiB/kJ5op+g==

"@esbuild/freebsd-x64@0.27.2":
  version "0.27.2"
  resolved "https://registry.yarnpkg.com/@esbuild/freebsd-x64/-/freebsd-x64-0.27.2.tgz#e5252551e66f499e4934efb611812f3820e990bb"
  integrity sha512-tAfqtNYb4YgPnJlEFu4c212HYjQWSO/w/h/lQaBK7RbwGIkBOuNKQI9tqWzx7Wtp7bTPaGC6MJvWI608P3wXYA==

"@esbuild/linux-arm64@0.27.2":
  version "0.27.2"
  resolved "https://registry.yarnpkg.com/@esbuild/linux-arm64/-/linux-arm64-0.27.2.tgz#dc4acf235531cd6984f5d6c3b13dbfb7ddb303cb"
  integrity sha512-hYxN8pr66NsCCiRFkHUAsxylNOcAQaxSSkHMMjcpx0si13t1LHFphxJZUiGwojB1a/Hd5OiPIqDdXONia6bhTw==

"@esbuild/linux-arm@0.27.2":
  version "0.27.2"
  resolved "https://registry.yarnpkg.com/@esbuild/linux-arm/-/linux-arm-0.27.2.tgz#56a900e39240d7d5d1d273bc053daa295c92e322"
  integrity sha512-vWfq4GaIMP9AIe4yj1ZUW18RDhx6EPQKjwe7n8BbIecFtCQG4CfHGaHuh7fdfq+y3LIA2vGS/o9ZBGVxIDi9hw==

"@esbuild/linux-ia32@0.27.2":
  version "0.27.2"
  resolved "https://registry.yarnpkg.com/@esbuild/linux-ia32/-/linux-ia32-0.27.2.tgz#d4a36d473360f6870efcd19d52bbfff59a2ed1cc"
  integrity sha512-MJt5BRRSScPDwG2hLelYhAAKh9imjHK5+NE/tvnRLbIqUWa+0E9N4WNMjmp/kXXPHZGqPLxggwVhz7QP8CTR8w==

"@esbuild/linux-loong64@0.27.2":
  version "0.27.2"
  resolved "https://registry.yarnpkg.com/@esbuild/linux-loong64/-/linux-loong64-0.27.2.tgz#fcf0ab8c3eaaf45891d0195d4961cb18b579716a"
  integrity sha512-lugyF1atnAT463aO6KPshVCJK5NgRnU4yb3FUumyVz+cGvZbontBgzeGFO1nF+dPueHD367a2ZXe1NtUkAjOtg==

"@esbuild/linux-mips64el@0.27.2":
  version "0.27.2"
  resolved "https://registry.yarnpkg.com/@esbuild/linux-mips64el/-/linux-mips64el-0.27.2.tgz#598b67d34048bb7ee1901cb12e2a0a434c381c10"
  integrity sha512-nlP2I6ArEBewvJ2gjrrkESEZkB5mIoaTswuqNFRv/WYd+ATtUpe9Y09RnJvgvdag7he0OWgEZWhviS1OTOKixw==

"@esbuild/linux-ppc64@0.27.2":
  version "0.27.2"
  resolved "https://registry.yarnpkg.com/@esbuild/linux-ppc64/-/linux-ppc64-0.27.2.tgz#3846c5df6b2016dab9bc95dde26c40f11e43b4c0"
  integrity sha512-C92gnpey7tUQONqg1n6dKVbx3vphKtTHJaNG2Ok9lGwbZil6DrfyecMsp9CrmXGQJmZ7iiVXvvZH6Ml5hL6XdQ==

"@esbuild/linux-riscv64@0.27.2":
  version "0.27.2"
  resolved "https://registry.yarnpkg.com/@esbuild/linux-riscv64/-/linux-riscv64-0.27.2.tgz#173d4475b37c8d2c3e1707e068c174bb3f53d07d"
  integrity sha512-B5BOmojNtUyN8AXlK0QJyvjEZkWwy/FKvakkTDCziX95AowLZKR6aCDhG7LeF7uMCXEJqwa8Bejz5LTPYm8AvA==

"@esbuild/linux-s390x@0.27.2":
  version "0.27.2"
  resolved "https://registry.yarnpkg.com/@esbuild/linux-s390x/-/linux-s390x-0.27.2.tgz#f7a4790105edcab8a5a31df26fbfac1aa3dacfab"
  integrity sha512-p4bm9+wsPwup5Z8f4EpfN63qNagQ47Ua2znaqGH6bqLlmJ4bx97Y9JdqxgGZ6Y8xVTixUnEkoKSHcpRlDnNr5w==

"@esbuild/linux-x64@0.27.2":